
Microsoft Visual Studio Solution File, Format Version 12.00
# Visual Studio Version 16
VisualStudioVersion = 16.0.32802.440
MinimumVisualStudioVersion = 10.0.40219.1
Project("{FAE04EC0-301F-11D3-BF4B-00C04F79EFBC}") = "8", "8.csproj", "{B35460EF-BA11-475E-B968-9CF86E0C42A6}"
EndProject
Global
	GlobalSection(SolutionConfigurationPlatforms) = preSolution
		Debug|Any CPU = Debug|Any CPU
		Release|Any CPU = Release|Any CPU
	EndGlobalSection
	GlobalSection(ProjectConfigurationPlatforms) = postSolution
		{B35460EF-BA11-475E-B968-9CF86E0C42A6}.Debug|Any CPU.ActiveCfg = Debug|Any CPU
		{B35460EF-BA11-475E-B968-9CF86E0C42A6}.Debug|Any CPU.Build.0 = Debug|Any CPU
		{B35460EF-BA11-475E-B968-9CF86E0C42A6}.Release|Any CPU.ActiveCfg = Release|Any CPU
		{B35460EF-BA11-475E-B968-9CF86E0C42A6}.Release|Any CPU.Build.0 = Release|Any CPU
	EndGlobalSection
	GlobalSection(SolutionProperties) = preSolution
		HideSolutionNode = FALSE
	EndGlobalSection
	GlobalSection(ExtensibilityGlobals) = postSolution
		SolutionGuid = {0546A6FC-61D7-4EAC-8D44-6602EF1ED99B}
	EndGlobalSection
EndGlobal
