
Microsoft Visual Studio Solution File, Format Version 12.00
# Visual Studio Version 16
VisualStudioVersion = 16.0.32802.440
MinimumVisualStudioVersion = 10.0.40219.1
Project("{FAE04EC0-301F-11D3-BF4B-00C04F79EFBC}") = "Contest13", "Contest13.csproj", "{C4268C77-D55F-40D4-B729-5B026D0BA528}"
EndProject
Global
	GlobalSection(SolutionConfigurationPlatforms) = preSolution
		Debug|Any CPU = Debug|Any CPU
		Release|Any CPU = Release|Any CPU
	EndGlobalSection
	GlobalSection(ProjectConfigurationPlatforms) = postSolution
		{C4268C77-D55F-40D4-B729-5B026D0BA528}.Debug|Any CPU.ActiveCfg = Debug|Any CPU
		{C4268C77-D55F-40D4-B729-5B026D0BA528}.Debug|Any CPU.Build.0 = Debug|Any CPU
		{C4268C77-D55F-40D4-B729-5B026D0BA528}.Release|Any CPU.ActiveCfg = Release|Any CPU
		{C4268C77-D55F-40D4-B729-5B026D0BA528}.Release|Any CPU.Build.0 = Release|Any CPU
	EndGlobalSection
	GlobalSection(SolutionProperties) = preSolution
		HideSolutionNode = FALSE
	EndGlobalSection
	GlobalSection(ExtensibilityGlobals) = postSolution
		SolutionGuid = {E4898E40-F383-4401-9B0A-F387B78B0EFC}
	EndGlobalSection
EndGlobal
