
Microsoft Visual Studio Solution File, Format Version 12.00
# Visual Studio Version 17
VisualStudioVersion = 17.6.33815.320
MinimumVisualStudioVersion = 10.0.40219.1
Project("{FAE04EC0-301F-11D3-BF4B-00C04F79EFBC}") = "ToDoListAPI", "ToDoListAPI.csproj", "{51E420BC-EC68-49C0-8416-341F8DCA9EC2}"
EndProject
Global
	GlobalSection(SolutionConfigurationPlatforms) = preSolution
		Debug|Any CPU = Debug|Any CPU
		Release|Any CPU = Release|Any CPU
	EndGlobalSection
	GlobalSection(ProjectConfigurationPlatforms) = postSolution
		{51E420BC-EC68-49C0-8416-341F8DCA9EC2}.Debug|Any CPU.ActiveCfg = Debug|Any CPU
		{51E420BC-EC68-49C0-8416-341F8DCA9EC2}.Debug|Any CPU.Build.0 = Debug|Any CPU
		{51E420BC-EC68-49C0-8416-341F8DCA9EC2}.Release|Any CPU.ActiveCfg = Release|Any CPU
		{51E420BC-EC68-49C0-8416-341F8DCA9EC2}.Release|Any CPU.Build.0 = Release|Any CPU
	EndGlobalSection
	GlobalSection(SolutionProperties) = preSolution
		HideSolutionNode = FALSE
	EndGlobalSection
	GlobalSection(ExtensibilityGlobals) = postSolution
		SolutionGuid = {E7C50D65-8DCB-4060-AF0A-BC36372FF87B}
	EndGlobalSection
EndGlobal
