
Microsoft Visual Studio Solution File, Format Version 12.00
# Visual Studio Version 16
VisualStudioVersion = 16.0.32802.440
MinimumVisualStudioVersion = 10.0.40219.1
Project("{FAE04EC0-301F-11D3-BF4B-00C04F79EFBC}") = "5", "5.csproj", "{A27BDFBF-D957-4487-A64D-1D60F4767655}"
EndProject
Global
	GlobalSection(SolutionConfigurationPlatforms) = preSolution
		Debug|Any CPU = Debug|Any CPU
		Release|Any CPU = Release|Any CPU
	EndGlobalSection
	GlobalSection(ProjectConfigurationPlatforms) = postSolution
		{A27BDFBF-D957-4487-A64D-1D60F4767655}.Debug|Any CPU.ActiveCfg = Debug|Any CPU
		{A27BDFBF-D957-4487-A64D-1D60F4767655}.Debug|Any CPU.Build.0 = Debug|Any CPU
		{A27BDFBF-D957-4487-A64D-1D60F4767655}.Release|Any CPU.ActiveCfg = Release|Any CPU
		{A27BDFBF-D957-4487-A64D-1D60F4767655}.Release|Any CPU.Build.0 = Release|Any CPU
	EndGlobalSection
	GlobalSection(SolutionProperties) = preSolution
		HideSolutionNode = FALSE
	EndGlobalSection
	GlobalSection(ExtensibilityGlobals) = postSolution
		SolutionGuid = {339DB1B7-227A-49D0-8778-15E4087DE8A9}
	EndGlobalSection
EndGlobal
